PODS:
  - FBAudienceNetwork (6.21.1)
  - Flutter (1.0.0)
  - gma_mediation_meta (1.5.3):
    - Flutter
    - GoogleMobileAdsMediationFacebook (~> 6.21.1.1)
  - Google-Mobile-Ads-SDK (13.7.0):
    - GoogleUserMessagingPlatform (>= 1.1)
  - GoogleMobileAdsMediationFacebook (6.21.1.1.1):
    - FBAudienceNetwork (= 6.21.1)
    - Google-Mobile-Ads-SDK (~> 13.4)
  - GoogleUserMessagingPlatform (3.1.0)
  - text_to_speech_plus (1.0.0):
    - Flutter

DEPENDENCIES:
  - Flutter (from `Flutter`)
  - gma_mediation_meta (from `.symlinks/plugins/gma_mediation_meta/ios`)
  - text_to_speech_plus (from `.symlinks/plugins/text_to_speech_plus/ios`)

SPEC REPOS:
  trunk:
    - FBAudienceNetwork
    - Google-Mobile-Ads-SDK
    - GoogleMobileAdsMediationFacebook
    - GoogleUserMessagingPlatform

EXTERNAL SOURCES:
  Flutter:
    :path: Flutter
  gma_mediation_meta:
    :path: ".symlinks/plugins/gma_mediation_meta/ios"
  text_to_speech_plus:
    :path: ".symlinks/plugins/text_to_speech_plus/ios"

SPEC CHECKSUMS:
  FBAudienceNetwork: 85d18a65c9e35bc426bd4664cf3ae2a1172d7b60
  Flutter: cabc95a1d2626b1b06e7179b784ebcf0c0cde467
  gma_mediation_meta: 4f3e70e89dfa1224f19bb7d27c0f5edd0d989e9a
  Google-Mobile-Ads-SDK: dd0ded6717d122c6a32c69dc4afcace7d276e4e4
  GoogleMobileAdsMediationFacebook: 4420c648e278f6821001048d1f152dd74245f759
  GoogleUserMessagingPlatform: befe603da6501006420c206222acd449bba45a9c
  text_to_speech_plus: 75aca9e85036cc3c42a6b68486beca2d494a0a42

PODFILE CHECKSUM: 6eb10ddc5fe49055ba0b89d2890bc4ab00eb351e

COCOAPODS: 1.16.2
