PODS:
  - device_info_plus (0.0.1):
    - Flutter
  - DKImagePickerController/Core (4.3.9):
    - DKImagePickerController/ImageDataManager
    - DKImagePickerController/Resource
  - DKImagePickerController/ImageDataManager (4.3.9)
  - DKImagePickerController/PhotoGallery (4.3.9):
    - DKImagePickerController/Core
    - DKPhotoGallery
  - DKImagePickerController/Resource (4.3.9)
  - DKPhotoGallery (0.0.19):
    - DKPhotoGallery/Core (= 0.0.19)
    - DKPhotoGallery/Model (= 0.0.19)
    - DKPhotoGallery/Preview (= 0.0.19)
    - DKPhotoGallery/Resource (= 0.0.19)
    - SDWebImage
    - SwiftyGif
  - DKPhotoGallery/Core (0.0.19):
    - DKPhotoGallery/Model
    - DKPhotoGallery/Preview
    - SDWebImage
    - SwiftyGif
  - DKPhotoGallery/Model (0.0.19):
    - SDWebImage
    - SwiftyGif
  - DKPhotoGallery/Preview (0.0.19):
    - DKPhotoGallery/Model
    - DKPhotoGallery/Resource
    - SDWebImage
    - SwiftyGif
  - DKPhotoGallery/Resource (0.0.19):
    - SDWebImage
    - SwiftyGif
  - file_picker (0.0.1):
    - DKImagePickerController/PhotoGallery
    - Flutter
  - fl_downloader (0.0.1):
    - Flutter
  - Flutter (1.0.0)
  - flutter_native_splash (0.0.1):
    - Flutter
  - flutter_tts (0.0.1):
    - Flutter
  - geolocator_apple (1.2.0):
    - Flutter
    - FlutterMacOS
  - GoogleDataTransport (10.1.0):
    - nanopb (~> 3.30910.0)
    - PromisesObjC (~> 2.4)
  - GoogleMLKit/BarcodeScanning (7.0.0):
    - GoogleMLKit/MLKitCore
    - MLKitBarcodeScanning (~> 6.0.0)
  - GoogleMLKit/MLKitCore (7.0.0):
    - MLKitCommon (~> 12.0.0)
  - GoogleToolboxForMac/Defines (4.2.1)
  - GoogleToolboxForMac/Logger (4.2.1):
    - GoogleToolboxForMac/Defines (= 4.2.1)
  - "GoogleToolboxForMac/NSData+zlib (4.2.1)":
    - GoogleToolboxForMac/Defines (= 4.2.1)
  - GoogleUtilities/Environment (8.0.2):
    - GoogleUtilities/Privacy
  - GoogleUtilities/Logger (8.0.2):
    - GoogleUtilities/Environment
    - GoogleUtilities/Privacy
  - GoogleUtilities/Privacy (8.0.2)
  - GoogleUtilities/UserDefaults (8.0.2):
    - GoogleUtilities/Logger
    - GoogleUtilities/Privacy
  - GTMSessionFetcher/Core (3.5.0)
  - local_auth_darwin (0.0.1):
    - Flutter
    - FlutterMacOS
  - MLImage (1.0.0-beta6)
  - MLKitBarcodeScanning (6.0.0):
    - MLKitCommon (~> 12.0)
    - MLKitVision (~> 8.0)
  - MLKitCommon (12.0.0):
    - GoogleDataTransport (~> 10.0)
    - GoogleToolboxForMac/Logger (< 5.0, >= 4.2.1)
    - "GoogleToolboxForMac/NSData+zlib (< 5.0, >= 4.2.1)"
    - GoogleUtilities/Logger (~> 8.0)
    - GoogleUtilities/UserDefaults (~> 8.0)
    - GTMSessionFetcher/Core (< 4.0, >= 3.3.2)
  - MLKitVision (8.0.0):
    - GoogleToolboxForMac/Logger (< 5.0, >= 4.2.1)
    - "GoogleToolboxForMac/NSData+zlib (< 5.0, >= 4.2.1)"
    - GTMSessionFetcher/Core (< 4.0, >= 3.3.2)
    - MLImage (= 1.0.0-beta6)
    - MLKitCommon (~> 12.0)
  - mobile_scanner (6.0.2):
    - Flutter
    - GoogleMLKit/BarcodeScanning (~> 7.0.0)
  - nanopb (3.30910.0):
    - nanopb/decode (= 3.30910.0)
    - nanopb/encode (= 3.30910.0)
  - nanopb/decode (3.30910.0)
  - nanopb/encode (3.30910.0)
  - "no_screenshot (0.0.1+4)":
    - Flutter
    - ScreenProtectorKit (~> 1.3.1)
  - printing (1.0.0):
    - Flutter
  - PromisesObjC (2.4.0)
  - ScreenProtectorKit (1.3.1)
  - SDWebImage (5.20.0):
    - SDWebImage/Core (= 5.20.0)
  - SDWebImage/Core (5.20.0)
  - shared_preferences_foundation (0.0.1):
    - Flutter
    - FlutterMacOS
  - SwiftyGif (5.4.5)
  - syncfusion_flutter_pdfviewer (0.0.1):
    - Flutter
  - url_launcher_ios (0.0.1):
    - Flutter
  - webview_flutter_wkwebview (0.0.1):
    - Flutter
    - FlutterMacOS

DEPENDENCIES:
  - device_info_plus (from `.symlinks/plugins/device_info_plus/ios`)
  - file_picker (from `.symlinks/plugins/file_picker/ios`)
  - fl_downloader (from `.symlinks/plugins/fl_downloader/ios`)
  - Flutter (from `Flutter`)
  - flutter_native_splash (from `.symlinks/plugins/flutter_native_splash/ios`)
  - flutter_tts (from `.symlinks/plugins/flutter_tts/ios`)
  - geolocator_apple (from `.symlinks/plugins/geolocator_apple/darwin`)
  - local_auth_darwin (from `.symlinks/plugins/local_auth_darwin/darwin`)
  - mobile_scanner (from `.symlinks/plugins/mobile_scanner/ios`)
  - no_screenshot (from `.symlinks/plugins/no_screenshot/ios`)
  - printing (from `.symlinks/plugins/printing/ios`)
  - shared_preferences_foundation (from `.symlinks/plugins/shared_preferences_foundation/darwin`)
  - syncfusion_flutter_pdfviewer (from `.symlinks/plugins/syncfusion_flutter_pdfviewer/ios`)
  - url_launcher_ios (from `.symlinks/plugins/url_launcher_ios/ios`)
  - webview_flutter_wkwebview (from `.symlinks/plugins/webview_flutter_wkwebview/darwin`)

SPEC REPOS:
  trunk:
    - DKImagePickerController
    - DKPhotoGallery
    - GoogleDataTransport
    - GoogleMLKit
    - GoogleToolboxForMac
    - GoogleUtilities
    - GTMSessionFetcher
    - MLImage
    - MLKitBarcodeScanning
    - MLKitCommon
    - MLKitVision
    - nanopb
    - PromisesObjC
    - ScreenProtectorKit
    - SDWebImage
    - SwiftyGif

EXTERNAL SOURCES:
  device_info_plus:
    :path: ".symlinks/plugins/device_info_plus/ios"
  file_picker:
    :path: ".symlinks/plugins/file_picker/ios"
  fl_downloader:
    :path: ".symlinks/plugins/fl_downloader/ios"
  Flutter:
    :path: Flutter
  flutter_native_splash:
    :path: ".symlinks/plugins/flutter_native_splash/ios"
  flutter_tts:
    :path: ".symlinks/plugins/flutter_tts/ios"
  geolocator_apple:
    :path: ".symlinks/plugins/geolocator_apple/darwin"
  local_auth_darwin:
    :path: ".symlinks/plugins/local_auth_darwin/darwin"
  mobile_scanner:
    :path: ".symlinks/plugins/mobile_scanner/ios"
  no_screenshot:
    :path: ".symlinks/plugins/no_screenshot/ios"
  printing:
    :path: ".symlinks/plugins/printing/ios"
  shared_preferences_foundation:
    :path: ".symlinks/plugins/shared_preferences_foundation/darwin"
  syncfusion_flutter_pdfviewer:
    :path: ".symlinks/plugins/syncfusion_flutter_pdfviewer/ios"
  url_launcher_ios:
    :path: ".symlinks/plugins/url_launcher_ios/ios"
  webview_flutter_wkwebview:
    :path: ".symlinks/plugins/webview_flutter_wkwebview/darwin"

SPEC CHECKSUMS:
  device_info_plus: 21fcca2080fbcd348be798aa36c3e5ed849eefbe
  DKImagePickerController: 946cec48c7873164274ecc4624d19e3da4c1ef3c
  DKPhotoGallery: b3834fecb755ee09a593d7c9e389d8b5d6deed60
  file_picker: a0560bc09d61de87f12d246fc47d2119e6ef37be
  fl_downloader: dc99aa8dd303f862cccb830087f37acc9b0156ee
  Flutter: e0871f40cf51350855a761d2e70bf5af5b9b5de7
  flutter_native_splash: 35ddbc7228eafcb3969dcc5f1fbbe27c1145a4f0
  flutter_tts: b88dbc8655d3dc961bc4a796e4e16a4cc1795833
  geolocator_apple: ab36aa0e8b7d7a2d7639b3b4e48308394e8cef5e
  GoogleDataTransport: aae35b7ea0c09004c3797d53c8c41f66f219d6a7
  GoogleMLKit: eff9e23ec1d90ea4157a1ee2e32a4f610c5b3318
  GoogleToolboxForMac: d1a2cbf009c453f4d6ded37c105e2f67a32206d8
  GoogleUtilities: 26a3abef001b6533cf678d3eb38fd3f614b7872d
  GTMSessionFetcher: 5aea5ba6bd522a239e236100971f10cb71b96ab6
  local_auth_darwin: 553ce4f9b16d3fdfeafce9cf042e7c9f77c1c391
  MLImage: 0ad1c5f50edd027672d8b26b0fee78a8b4a0fc56
  MLKitBarcodeScanning: 0a3064da0a7f49ac24ceb3cb46a5bc67496facd2
  MLKitCommon: 07c2c33ae5640e5380beaaa6e4b9c249a205542d
  MLKitVision: 45e79d68845a2de77e2dd4d7f07947f0ed157b0e
  mobile_scanner: af8f71879eaba2bbcb4d86c6a462c3c0e7f23036
  nanopb: fad817b59e0457d11a5dfbde799381cd727c1275
  no_screenshot: 6d183496405a3ab709a67a54e5cd0f639e94729e
  printing: 54ff03f28fe9ba3aa93358afb80a8595a071dd07
  PromisesObjC: f5707f49cb48b9636751c5b2e7d227e43fba9f47
  ScreenProtectorKit: 83a6281b02c7a5902ee6eac4f5045f674e902ae4
  SDWebImage: 73c6079366fea25fa4bb9640d5fb58f0893facd8
  shared_preferences_foundation: 9e1978ff2562383bd5676f64ec4e9aa8fa06a6f7
  SwiftyGif: 706c60cf65fa2bc5ee0313beece843c8eb8194d4
  syncfusion_flutter_pdfviewer: dfb514751af5b6b71e504c9c04a2e4ddbc1dd895
  url_launcher_ios: 694010445543906933d732453a59da0a173ae33d
  webview_flutter_wkwebview: 1821ceac936eba6f7984d89a9f3bcb4dea99ebb2

PODFILE CHECKSUM: 1057d7c44bf0ab9d1ed8a78d57b4ebda5272e992

COCOAPODS: 1.16.2
